
Microsoft Visual Studio Solution File, Format Version 12.00
# Visual Studio 15
VisualStudioVersion = 15.0.26403.7
MinimumVisualStudioVersion = 10.0.40219.1
Project("{FAE04EC0-301F-11D3-BF4B-00C04F79EFBC}") = "FilterParser", "FilterParser\FilterParser.csproj", "{17C92A71-F3DB-420B-9900-05463CA37045}"
EndProject
Project("{FAE04EC0-301F-11D3-BF4B-00C04F79EFBC}") = "FilterParser.Tests", "FilterParser.Tests\FilterParser.Tests.csproj", "{139DA250-3B2D-46E2-93BF-2A732A18AB73}"
EndProject
Global
	GlobalSection(SolutionConfigurationPlatforms) = preSolution
		Debug|Any CPU = Debug|Any CPU
		Release|Any CPU = Release|Any CPU
	EndGlobalSection
	GlobalSection(ProjectConfigurationPlatforms) = postSolution
		{17C92A71-F3DB-420B-9900-05463CA37045}.Debug|Any CPU.ActiveCfg = Debug|Any CPU
		{17C92A71-F3DB-420B-9900-05463CA37045}.Debug|Any CPU.Build.0 = Debug|Any CPU
		{17C92A71-F3DB-420B-9900-05463CA37045}.Release|Any CPU.ActiveCfg = Release|Any CPU
		{17C92A71-F3DB-420B-9900-05463CA37045}.Release|Any CPU.Build.0 = Release|Any CPU
		{139DA250-3B2D-46E2-93BF-2A732A18AB73}.Debug|Any CPU.ActiveCfg = Debug|Any CPU
		{139DA250-3B2D-46E2-93BF-2A732A18AB73}.Debug|Any CPU.Build.0 = Debug|Any CPU
		{139DA250-3B2D-46E2-93BF-2A732A18AB73}.Release|Any CPU.ActiveCfg = Release|Any CPU
		{139DA250-3B2D-46E2-93BF-2A732A18AB73}.Release|Any CPU.Build.0 = Release|Any CPU
	EndGlobalSection
	GlobalSection(SolutionProperties) = preSolution
		HideSolutionNode = FALSE
	EndGlobalSection
EndGlobal
